
Microsoft Visual Studio Solution File, Format Version 12.00
# Visual Studio Version 17
VisualStudioVersion = 17.6.33815.320
MinimumVisualStudioVersion = 10.0.40219.1
Project("{FAE04EC0-301F-11D3-BF4B-00C04F79EFBC}") = "MVC1.4", "MVC1.4.csproj", "{95EAB44F-64F4-4E28-9787-C51D00AA2241}"
EndProject
Global
	GlobalSection(SolutionConfigurationPlatforms) = preSolution
		Debug|Any CPU = Debug|Any CPU
		Release|Any CPU = Release|Any CPU
	EndGlobalSection
	GlobalSection(ProjectConfigurationPlatforms) = postSolution
		{95EAB44F-64F4-4E28-9787-C51D00AA2241}.Debug|Any CPU.ActiveCfg = Debug|Any CPU
		{95EAB44F-64F4-4E28-9787-C51D00AA2241}.Debug|Any CPU.Build.0 = Debug|Any CPU
		{95EAB44F-64F4-4E28-9787-C51D00AA2241}.Release|Any CPU.ActiveCfg = Release|Any CPU
		{95EAB44F-64F4-4E28-9787-C51D00AA2241}.Release|Any CPU.Build.0 = Release|Any CPU
	EndGlobalSection
	GlobalSection(SolutionProperties) = preSolution
		HideSolutionNode = FALSE
	EndGlobalSection
	GlobalSection(ExtensibilityGlobals) = postSolution
		SolutionGuid = {B36ED37C-03C2-45EB-A922-3A120AF883A2}
	EndGlobalSection
EndGlobal
