
Microsoft Visual Studio Solution File, Format Version 12.00
# Visual Studio Version 17
VisualStudioVersion = 17.6.33815.320
MinimumVisualStudioVersion = 10.0.40219.1
Project("{FAE04EC0-301F-11D3-BF4B-00C04F79EFBC}") = "MVC1.14", "MVC1.14.csproj", "{0A706BC0-8BB3-4542-92D4-BCF06B8AC38F}"
EndProject
Global
	GlobalSection(SolutionConfigurationPlatforms) = preSolution
		Debug|Any CPU = Debug|Any CPU
		Release|Any CPU = Release|Any CPU
	EndGlobalSection
	GlobalSection(ProjectConfigurationPlatforms) = postSolution
		{0A706BC0-8BB3-4542-92D4-BCF06B8AC38F}.Debug|Any CPU.ActiveCfg = Debug|Any CPU
		{0A706BC0-8BB3-4542-92D4-BCF06B8AC38F}.Debug|Any CPU.Build.0 = Debug|Any CPU
		{0A706BC0-8BB3-4542-92D4-BCF06B8AC38F}.Release|Any CPU.ActiveCfg = Release|Any CPU
		{0A706BC0-8BB3-4542-92D4-BCF06B8AC38F}.Release|Any CPU.Build.0 = Release|Any CPU
	EndGlobalSection
	GlobalSection(SolutionProperties) = preSolution
		HideSolutionNode = FALSE
	EndGlobalSection
	GlobalSection(ExtensibilityGlobals) = postSolution
		SolutionGuid = {F36E1A1C-7B7F-4827-A79F-796415BAD630}
	EndGlobalSection
EndGlobal
