
Microsoft Visual Studio Solution File, Format Version 12.00
# Visual Studio Version 17
VisualStudioVersion = 17.6.33815.320
MinimumVisualStudioVersion = 10.0.40219.1
Project("{FAE04EC0-301F-11D3-BF4B-00C04F79EFBC}") = "WebForms1.11", "WebForms1.11.csproj", "{98DC83BD-5E0B-40D4-B18B-E11EFF3BE082}"
EndProject
Global
	GlobalSection(SolutionConfigurationPlatforms) = preSolution
		Debug|Any CPU = Debug|Any CPU
		Release|Any CPU = Release|Any CPU
	EndGlobalSection
	GlobalSection(ProjectConfigurationPlatforms) = postSolution
		{98DC83BD-5E0B-40D4-B18B-E11EFF3BE082}.Debug|Any CPU.ActiveCfg = Debug|Any CPU
		{98DC83BD-5E0B-40D4-B18B-E11EFF3BE082}.Debug|Any CPU.Build.0 = Debug|Any CPU
		{98DC83BD-5E0B-40D4-B18B-E11EFF3BE082}.Release|Any CPU.ActiveCfg = Release|Any CPU
		{98DC83BD-5E0B-40D4-B18B-E11EFF3BE082}.Release|Any CPU.Build.0 = Release|Any CPU
	EndGlobalSection
	GlobalSection(SolutionProperties) = preSolution
		HideSolutionNode = FALSE
	EndGlobalSection
	GlobalSection(ExtensibilityGlobals) = postSolution
		SolutionGuid = {40E5F6E8-BB73-4213-9BC2-39C2A7FBC6DD}
	EndGlobalSection
EndGlobal
