
Microsoft Visual Studio Solution File, Format Version 12.00
# Visual Studio Version 17
VisualStudioVersion = 17.6.33815.320
MinimumVisualStudioVersion = 10.0.40219.1
Project("{FAE04EC0-301F-11D3-BF4B-00C04F79EFBC}") = "MVC1.18", "MVC1.18.csproj", "{86D376F6-232B-4EC1-B2DC-A6A22A12FABD}"
EndProject
Global
	GlobalSection(SolutionConfigurationPlatforms) = preSolution
		Debug|Any CPU = Debug|Any CPU
		Release|Any CPU = Release|Any CPU
	EndGlobalSection
	GlobalSection(ProjectConfigurationPlatforms) = postSolution
		{86D376F6-232B-4EC1-B2DC-A6A22A12FABD}.Debug|Any CPU.ActiveCfg = Debug|Any CPU
		{86D376F6-232B-4EC1-B2DC-A6A22A12FABD}.Debug|Any CPU.Build.0 = Debug|Any CPU
		{86D376F6-232B-4EC1-B2DC-A6A22A12FABD}.Release|Any CPU.ActiveCfg = Release|Any CPU
		{86D376F6-232B-4EC1-B2DC-A6A22A12FABD}.Release|Any CPU.Build.0 = Release|Any CPU
	EndGlobalSection
	GlobalSection(SolutionProperties) = preSolution
		HideSolutionNode = FALSE
	EndGlobalSection
	GlobalSection(ExtensibilityGlobals) = postSolution
		SolutionGuid = {C45E5A1F-0A42-41C1-85E5-EDEA3886D9E7}
	EndGlobalSection
EndGlobal
