
Microsoft Visual Studio Solution File, Format Version 12.00
# Visual Studio Version 17
VisualStudioVersion = 17.6.33815.320
MinimumVisualStudioVersion = 10.0.40219.1
Project("{FAE04EC0-301F-11D3-BF4B-00C04F79EFBC}") = "WebForms1.14", "WebForms1.14.csproj", "{79D6A0CF-C69E-4370-A556-BB5B0610D343}"
EndProject
Global
	GlobalSection(SolutionConfigurationPlatforms) = preSolution
		Debug|Any CPU = Debug|Any CPU
		Release|Any CPU = Release|Any CPU
	EndGlobalSection
	GlobalSection(ProjectConfigurationPlatforms) = postSolution
		{79D6A0CF-C69E-4370-A556-BB5B0610D343}.Debug|Any CPU.ActiveCfg = Debug|Any CPU
		{79D6A0CF-C69E-4370-A556-BB5B0610D343}.Debug|Any CPU.Build.0 = Debug|Any CPU
		{79D6A0CF-C69E-4370-A556-BB5B0610D343}.Release|Any CPU.ActiveCfg = Release|Any CPU
		{79D6A0CF-C69E-4370-A556-BB5B0610D343}.Release|Any CPU.Build.0 = Release|Any CPU
	EndGlobalSection
	GlobalSection(SolutionProperties) = preSolution
		HideSolutionNode = FALSE
	EndGlobalSection
	GlobalSection(ExtensibilityGlobals) = postSolution
		SolutionGuid = {E7D30914-B1F5-4DCF-980E-D2BA47CB8EDB}
	EndGlobalSection
EndGlobal
