
Microsoft Visual Studio Solution File, Format Version 12.00
# Visual Studio Version 17
VisualStudioVersion = 17.6.33815.320
MinimumVisualStudioVersion = 10.0.40219.1
Project("{FAE04EC0-301F-11D3-BF4B-00C04F79EFBC}") = "WebForms1.12", "WebForms1.12.csproj", "{CDE6BF49-6F9A-4B6B-8871-26418358508A}"
EndProject
Global
	GlobalSection(SolutionConfigurationPlatforms) = preSolution
		Debug|Any CPU = Debug|Any CPU
		Release|Any CPU = Release|Any CPU
	EndGlobalSection
	GlobalSection(ProjectConfigurationPlatforms) = postSolution
		{CDE6BF49-6F9A-4B6B-8871-26418358508A}.Debug|Any CPU.ActiveCfg = Debug|Any CPU
		{CDE6BF49-6F9A-4B6B-8871-26418358508A}.Debug|Any CPU.Build.0 = Debug|Any CPU
		{CDE6BF49-6F9A-4B6B-8871-26418358508A}.Release|Any CPU.ActiveCfg = Release|Any CPU
		{CDE6BF49-6F9A-4B6B-8871-26418358508A}.Release|Any CPU.Build.0 = Release|Any CPU
	EndGlobalSection
	GlobalSection(SolutionProperties) = preSolution
		HideSolutionNode = FALSE
	EndGlobalSection
	GlobalSection(ExtensibilityGlobals) = postSolution
		SolutionGuid = {3C309628-C58E-49F2-AD97-4B1CE40F11C3}
	EndGlobalSection
EndGlobal
