
Microsoft Visual Studio Solution File, Format Version 12.00
# Visual Studio Version 17
VisualStudioVersion = 17.6.33815.320
MinimumVisualStudioVersion = 10.0.40219.1
Project("{FAE04EC0-301F-11D3-BF4B-00C04F79EFBC}") = "WebForms1.16", "WebForms1.16.csproj", "{B72AA74A-FE91-48CF-B47F-08B95BFE97AF}"
EndProject
Global
	GlobalSection(SolutionConfigurationPlatforms) = preSolution
		Debug|Any CPU = Debug|Any CPU
		Release|Any CPU = Release|Any CPU
	EndGlobalSection
	GlobalSection(ProjectConfigurationPlatforms) = postSolution
		{B72AA74A-FE91-48CF-B47F-08B95BFE97AF}.Debug|Any CPU.ActiveCfg = Debug|Any CPU
		{B72AA74A-FE91-48CF-B47F-08B95BFE97AF}.Debug|Any CPU.Build.0 = Debug|Any CPU
		{B72AA74A-FE91-48CF-B47F-08B95BFE97AF}.Release|Any CPU.ActiveCfg = Release|Any CPU
		{B72AA74A-FE91-48CF-B47F-08B95BFE97AF}.Release|Any CPU.Build.0 = Release|Any CPU
	EndGlobalSection
	GlobalSection(SolutionProperties) = preSolution
		HideSolutionNode = FALSE
	EndGlobalSection
	GlobalSection(ExtensibilityGlobals) = postSolution
		SolutionGuid = {7EEBC34B-F1EA-4FBE-9A18-D7F1FE2D7521}
	EndGlobalSection
EndGlobal
